
Microsoft Visual Studio Solution File, Format Version 12.00
# Visual Studio Version 16
VisualStudioVersion = 16.0.30907.101
MinimumVisualStudioVersion = 10.0.40219.1
Project("{9A19103F-16F7-4668-BE54-9A1E7A4F7556}") = "HW04.Task1", "HW04.Task1\HW04.Task1.csproj", "{ADBC6AF6-1E2E-47A0-883E-E6A8A5AB850E}"
EndProject
Project("{9A19103F-16F7-4668-BE54-9A1E7A4F7556}") = "HW04.Task2", "HW04.Task2\HW04.Task2.csproj", "{81FB58DC-E1F8-44C3-9B1B-5AD3A1A6FF1C}"
EndProject
Project("{9A19103F-16F7-4668-BE54-9A1E7A4F7556}") = "HW04.Task3", "HW04.Task3\HW04.Task3.csproj", "{3390FCA2-2690-4249-8C6E-3EC6D0D7CFDE}"
EndProject
Project("{9A19103F-16F7-4668-BE54-9A1E7A4F7556}") = "HW04.Task4", "HW04.Task4\HW04.Task4.csproj", "{16D0CC26-45CB-46C5-B312-717E30D67DAC}"
EndProject
Project("{9A19103F-16F7-4668-BE54-9A1E7A4F7556}") = "HW04.Task5", "HW04.Task5\HW04.Task5.csproj", "{95795AF2-AD04-489C-AA5D-E9A760F60E7D}"
EndProject
Project("{9A19103F-16F7-4668-BE54-9A1E7A4F7556}") = "HW04.Task6", "HW04.Task6\HW04.Task6.csproj", "{B18D68ED-C481-4B8C-8ACF-E49DDCBF3588}"
EndProject
Project("{FAE04EC0-301F-11D3-BF4B-00C04F79EFBC}") = "HW04.Task7", "HW04.Task7\HW04.Task7.csproj", "{EB84D110-AAA4-4A9A-921E-0A06B0541A34}"
EndProject
Global
	GlobalSection(SolutionConfigurationPlatforms) = preSolution
		Debug|Any CPU = Debug|Any CPU
		Release|Any CPU = Release|Any CPU
	EndGlobalSection
	GlobalSection(ProjectConfigurationPlatforms) = postSolution
		{ADBC6AF6-1E2E-47A0-883E-E6A8A5AB850E}.Debug|Any CPU.ActiveCfg = Debug|Any CPU
		{ADBC6AF6-1E2E-47A0-883E-E6A8A5AB850E}.Debug|Any CPU.Build.0 = Debug|Any CPU
		{ADBC6AF6-1E2E-47A0-883E-E6A8A5AB850E}.Release|Any CPU.ActiveCfg = Release|Any CPU
		{ADBC6AF6-1E2E-47A0-883E-E6A8A5AB850E}.Release|Any CPU.Build.0 = Release|Any CPU
		{81FB58DC-E1F8-44C3-9B1B-5AD3A1A6FF1C}.Debug|Any CPU.ActiveCfg = Debug|Any CPU
		{81FB58DC-E1F8-44C3-9B1B-5AD3A1A6FF1C}.Debug|Any CPU.Build.0 = Debug|Any CPU
		{81FB58DC-E1F8-44C3-9B1B-5AD3A1A6FF1C}.Release|Any CPU.ActiveCfg = Release|Any CPU
		{81FB58DC-E1F8-44C3-9B1B-5AD3A1A6FF1C}.Release|Any CPU.Build.0 = Release|Any CPU
		{3390FCA2-2690-4249-8C6E-3EC6D0D7CFDE}.Debug|Any CPU.ActiveCfg = Debug|Any CPU
		{3390FCA2-2690-4249-8C6E-3EC6D0D7CFDE}.Debug|Any CPU.Build.0 = Debug|Any CPU
		{3390FCA2-2690-4249-8C6E-3EC6D0D7CFDE}.Release|Any CPU.ActiveCfg = Release|Any CPU
		{3390FCA2-2690-4249-8C6E-3EC6D0D7CFDE}.Release|Any CPU.Build.0 = Release|Any CPU
		{16D0CC26-45CB-46C5-B312-717E30D67DAC}.Debug|Any CPU.ActiveCfg = Debug|Any CPU
		{16D0CC26-45CB-46C5-B312-717E30D67DAC}.Debug|Any CPU.Build.0 = Debug|Any CPU
		{16D0CC26-45CB-46C5-B312-717E30D67DAC}.Release|Any CPU.ActiveCfg = Release|Any CPU
		{16D0CC26-45CB-46C5-B312-717E30D67DAC}.Release|Any CPU.Build.0 = Release|Any CPU
		{95795AF2-AD04-489C-AA5D-E9A760F60E7D}.Debug|Any CPU.ActiveCfg = Debug|Any CPU
		{95795AF2-AD04-489C-AA5D-E9A760F60E7D}.Debug|Any CPU.Build.0 = Debug|Any CPU
		{95795AF2-AD04-489C-AA5D-E9A760F60E7D}.Release|Any CPU.ActiveCfg = Release|Any CPU
		{95795AF2-AD04-489C-AA5D-E9A760F60E7D}.Release|Any CPU.Build.0 = Release|Any CPU
		{B18D68ED-C481-4B8C-8ACF-E49DDCBF3588}.Debug|Any CPU.ActiveCfg = Debug|Any CPU
		{B18D68ED-C481-4B8C-8ACF-E49DDCBF3588}.Debug|Any CPU.Build.0 = Debug|Any CPU
		{B18D68ED-C481-4B8C-8ACF-E49DDCBF3588}.Release|Any CPU.ActiveCfg = Release|Any CPU
		{B18D68ED-C481-4B8C-8ACF-E49DDCBF3588}.Release|Any CPU.Build.0 = Release|Any CPU
		{EB84D110-AAA4-4A9A-921E-0A06B0541A34}.Debug|Any CPU.ActiveCfg = Debug|Any CPU
		{EB84D110-AAA4-4A9A-921E-0A06B0541A34}.Debug|Any CPU.Build.0 = Debug|Any CPU
		{EB84D110-AAA4-4A9A-921E-0A06B0541A34}.Release|Any CPU.ActiveCfg = Release|Any CPU
		{EB84D110-AAA4-4A9A-921E-0A06B0541A34}.Release|Any CPU.Build.0 = Release|Any CPU
	EndGlobalSection
	GlobalSection(SolutionProperties) = preSolution
		HideSolutionNode = FALSE
	EndGlobalSection
	GlobalSection(ExtensibilityGlobals) = postSolution
		SolutionGuid = {CF580EC5-B0AE-4612-9C31-99DCB9E828E3}
	EndGlobalSection
EndGlobal
