
Microsoft Visual Studio Solution File, Format Version 12.00
# Visual Studio Version 16
VisualStudioVersion = 16.0.31105.61
MinimumVisualStudioVersion = 10.0.40219.1
Project("{9A19103F-16F7-4668-BE54-9A1E7A4F7556}") = "Task_1", "HW.11.Task1\Task_1.csproj", "{3853FC31-3AC2-4235-8D47-2FD97DF2A5FD}"
EndProject
Global
	GlobalSection(SolutionConfigurationPlatforms) = preSolution
		Debug|Any CPU = Debug|Any CPU
		Release|Any CPU = Release|Any CPU
	EndGlobalSection
	GlobalSection(ProjectConfigurationPlatforms) = postSolution
		{3853FC31-3AC2-4235-8D47-2FD97DF2A5FD}.Debug|Any CPU.ActiveCfg = Debug|Any CPU
		{3853FC31-3AC2-4235-8D47-2FD97DF2A5FD}.Debug|Any CPU.Build.0 = Debug|Any CPU
		{3853FC31-3AC2-4235-8D47-2FD97DF2A5FD}.Release|Any CPU.ActiveCfg = Release|Any CPU
		{3853FC31-3AC2-4235-8D47-2FD97DF2A5FD}.Release|Any CPU.Build.0 = Release|Any CPU
	EndGlobalSection
	GlobalSection(SolutionProperties) = preSolution
		HideSolutionNode = FALSE
	EndGlobalSection
	GlobalSection(ExtensibilityGlobals) = postSolution
		SolutionGuid = {244AA885-EEBB-49F0-BD4B-E58A5C8DEFA4}
	EndGlobalSection
EndGlobal
